// !$*UTF8*$!
{
	archiveVersion = 1;
	classes = {
	};
	objectVersion = 46;
	objects = {

/* Begin PBXBuildFile section */
		36B9775FCA361005BCDC4B3C /* libPods-KanZhiHuUITests.a in Frameworks */ = {isa = PBXBuildFile; fileRef = 2E37D378DDD84D64956091DC /* libPods-KanZhiHuUITests.a */; };
		49063B871D4EF6960064231B /* GetPostAnswersResult.m in Sources */ = {isa = PBXBuildFile; fileRef = 49063B861D4EF6960064231B /* GetPostAnswersResult.m */; };
		49063B8C1D4F0A310064231B /* PostsTableViewCell.m in Sources */ = {isa = PBXBuildFile; fileRef = 49063B8B1D4F0A310064231B /* PostsTableViewCell.m */; };
		49063B901D4F127D0064231B /* PostsViewController.m in Sources */ = {isa = PBXBuildFile; fileRef = 49063B8F1D4F127D0064231B /* PostsViewController.m */; };
		49063B961D4F3BAA0064231B /* PostAnswersTableViewCell.m in Sources */ = {isa = PBXBuildFile; fileRef = 49063B951D4F3BAA0064231B /* PostAnswersTableViewCell.m */; };
		49063B991D4F4A5B0064231B /* PostsAnswersViewController.m in Sources */ = {isa = PBXBuildFile; fileRef = 49063B981D4F4A5B0064231B /* PostsAnswersViewController.m */; };
		49834E581D4EDBC0005117BB /* UserTrend.m in Sources */ = {isa = PBXBuildFile; fileRef = 49834E571D4EDBC0005117BB /* UserTrend.m */; };
		49834E5E1D4EDCA7005117BB /* UserModel.m in Sources */ = {isa = PBXBuildFile; fileRef = 49834E5D1D4EDCA7005117BB /* UserModel.m */; };
		49834E611D4EDCC4005117BB /* UserTopAnswers.m in Sources */ = {isa = PBXBuildFile; fileRef = 49834E601D4EDCC4005117BB /* UserTopAnswers.m */; };
		498EC5471D5040D60097C89E /* UserDetailViewController.m in Sources */ = {isa = PBXBuildFile; fileRef = 498EC5461D5040D60097C89E /* UserDetailViewController.m */; };
		4995857A1D4EEF4300DAB88C /* NetworkManager.m in Sources */ = {isa = PBXBuildFile; fileRef = 499585791D4EEF4300DAB88C /* NetworkManager.m */; };
		499585801D4EF0FE00DAB88C /* GetPostsResult.m in Sources */ = {isa = PBXBuildFile; fileRef = 4995857F1D4EF0FE00DAB88C /* GetPostsResult.m */; };
		49DBD8731D4B58550087A8D0 /* main.m in Sources */ = {isa = PBXBuildFile; fileRef = 49DBD8721D4B58550087A8D0 /* main.m */; };
		49DBD8761D4B58550087A8D0 /* AppDelegate.m in Sources */ = {isa = PBXBuildFile; fileRef = 49DBD8751D4B58550087A8D0 /* AppDelegate.m */; };
		49DBD87E1D4B58550087A8D0 /* Assets.xcassets in Resources */ = {isa = PBXBuildFile; fileRef = 49DBD87D1D4B58550087A8D0 /* Assets.xcassets */; };
		49DBD8811D4B58550087A8D0 /* LaunchScreen.storyboard in Resources */ = {isa = PBXBuildFile; fileRef = 49DBD87F1D4B58550087A8D0 /* LaunchScreen.storyboard */; };
		49DBD88C1D4B58550087A8D0 /* KanZhiHuTests.m in Sources */ = {isa = PBXBuildFile; fileRef = 49DBD88B1D4B58550087A8D0 /* KanZhiHuTests.m */; };
		49DBD8971D4B58550087A8D0 /* KanZhiHuUITests.m in Sources */ = {isa = PBXBuildFile; fileRef = 49DBD8961D4B58550087A8D0 /* KanZhiHuUITests.m */; };
		49DBD8AA1D4B58F40087A8D0 /* Post.m in Sources */ = {isa = PBXBuildFile; fileRef = 49DBD8A91D4B58F40087A8D0 /* Post.m */; };
		49DBD8AD1D4B5B2D0087A8D0 /* PostAnswer.m in Sources */ = {isa = PBXBuildFile; fileRef = 49DBD8AC1D4B5B2D0087A8D0 /* PostAnswer.m */; };
		49DBD8B01D4B5BC60087A8D0 /* UserDetail.m in Sources */ = {isa = PBXBuildFile; fileRef = 49DBD8AF1D4B5BC60087A8D0 /* UserDetail.m */; };
		49DBD8B31D4B5DDE0087A8D0 /* UserStar.m in Sources */ = {isa = PBXBuildFile; fileRef = 49DBD8B21D4B5DDE0087A8D0 /* UserStar.m */; };
		87735FDF2A7FA6D587108A46 /* libPods-KanZhiHuTests.a in Frameworks */ = {isa = PBXBuildFile; fileRef = 57E92FB43F69E9EB845AEB4A /* libPods-KanZhiHuTests.a */; };
		BC56529A38F55D8AA4438F06 /* libPods-KanZhiHu.a in Frameworks */ = {isa = PBXBuildFile; fileRef = B7859A0B786891E29CDF6759 /* libPods-KanZhiHu.a */; };
/* End PBXBuildFile section */

/* Begin PBXContainerItemProxy section */
		49DBD8881D4B58550087A8D0 /* PBXContainerItemProxy */ = {
			isa = PBXContainerItemProxy;
			containerPortal = 49DBD8661D4B58550087A8D0 /* Project object */;
			proxyType = 1;
			remoteGlobalIDString = 49DBD86D1D4B58550087A8D0;
			remoteInfo = KanZhiHu;
		};
		49DBD8931D4B58550087A8D0 /* PBXContainerItemProxy */ = {
			isa = PBXContainerItemProxy;
			containerPortal = 49DBD8661D4B58550087A8D0 /* Project object */;
			proxyType = 1;
			remoteGlobalIDString = 49DBD86D1D4B58550087A8D0;
			remoteInfo = KanZhiHu;
		};
/* End PBXContainerItemProxy section */

/* Begin PBXFileReference section */
		22F8BD77A0B040D5E7D3EF51 /* Pods-KanZhiHu.debug.xcconfig */ = {isa = PBXFileReference; includeInIndex = 1; lastKnownFileType = text.xcconfig; name = "Pods-KanZhiHu.debug.xcconfig"; path = "Pods/Target Support Files/Pods-KanZhiHu/Pods-KanZhiHu.debug.xcconfig"; sourceTree = "<group>"; };
		2E37D378DDD84D64956091DC /* libPods-KanZhiHuUITests.a */ = {isa = PBXFileReference; explicitFileType = archive.ar; includeInIndex = 0; path = "libPods-KanZhiHuUITests.a"; sourceTree = BUILT_PRODUCTS_DIR; };
		3579D32B5F9442768E34EC16 /* Pods-KanZhiHuUITests.debug.xcconfig */ = {isa = PBXFileReference; includeInIndex = 1; lastKnownFileType = text.xcconfig; name = "Pods-KanZhiHuUITests.debug.xcconfig"; path = "Pods/Target Support Files/Pods-KanZhiHuUITests/Pods-KanZhiHuUITests.debug.xcconfig"; sourceTree = "<group>"; };
		3B1DF2F576A81B79D775FC91 /* Pods-KanZhiHu.release.xcconfig */ = {isa = PBXFileReference; includeInIndex = 1; lastKnownFileType = text.xcconfig; name = "Pods-KanZhiHu.release.xcconfig"; path = "Pods/Target Support Files/Pods-KanZhiHu/Pods-KanZhiHu.release.xcconfig"; sourceTree = "<group>"; };
		49063B851D4EF6960064231B /* GetPostAnswersResult.h */ = {isa = PBXFileReference; fileEncoding = 4; lastKnownFileType = sourcecode.c.h; name = GetPostAnswersResult.h; path = Model/GetPostAnswersResult.h; sourceTree = "<group>"; };
		49063B861D4EF6960064231B /* GetPostAnswersResult.m */ = {isa = PBXFileReference; fileEncoding = 4; lastKnownFileType = sourcecode.c.objc; name = GetPostAnswersResult.m; path = Model/GetPostAnswersResult.m; sourceTree = "<group>"; };
		49063B8A1D4F0A310064231B /* PostsTableViewCell.h */ = {isa = PBXFileReference; fileEncoding = 4; lastKnownFileType = sourcecode.c.h; name = PostsTableViewCell.h; path = View/PostsTableViewCell.h; sourceTree = "<group>"; };
		49063B8B1D4F0A310064231B /* PostsTableViewCell.m */ = {isa = PBXFileReference; fileEncoding = 4; lastKnownFileType = sourcecode.c.objc; name = PostsTableViewCell.m; path = View/PostsTableViewCell.m; sourceTree = "<group>"; };
		49063B8E1D4F127D0064231B /* PostsViewController.h */ = {isa = PBXFileReference; fileEncoding = 4; lastKnownFileType = sourcecode.c.h; name = PostsViewController.h; path = Controller/PostsViewController.h; sourceTree = "<group>"; };
		49063B8F1D4F127D0064231B /* PostsViewController.m */ = {isa = PBXFileReference; fileEncoding = 4; lastKnownFileType = sourcecode.c.objc; name = PostsViewController.m; path = Controller/PostsViewController.m; sourceTree = "<group>"; };
		49063B941D4F3BAA0064231B /* PostAnswersTableViewCell.h */ = {isa = PBXFileReference; fileEncoding = 4; lastKnownFileType = sourcecode.c.h; name = PostAnswersTableViewCell.h; path = View/PostAnswersTableViewCell.h; sourceTree = "<group>"; };
		49063B951D4F3BAA0064231B /* PostAnswersTableViewCell.m */ = {isa = PBXFileReference; fileEncoding = 4; lastKnownFileType = sourcecode.c.objc; name = PostAnswersTableViewCell.m; path = View/PostAnswersTableViewCell.m; sourceTree = "<group>"; };
		49063B971D4F4A5B0064231B /* PostsAnswersViewController.h */ = {isa = PBXFileReference; fileEncoding = 4; lastKnownFileType = sourcecode.c.h; name = PostsAnswersViewController.h; path = Controller/PostsAnswersViewController.h; sourceTree = "<group>"; };
		49063B981D4F4A5B0064231B /* PostsAnswersViewController.m */ = {isa = PBXFileReference; fileEncoding = 4; lastKnownFileType = sourcecode.c.objc; name = PostsAnswersViewController.m; path = Controller/PostsAnswersViewController.m; sourceTree = "<group>"; };
		49834E561D4EDBC0005117BB /* UserTrend.h */ = {isa = PBXFileReference; fileEncoding = 4; lastKnownFileType = sourcecode.c.h; name = UserTrend.h; path = Model/UserTrend.h; sourceTree = "<group>"; };
		49834E571D4EDBC0005117BB /* UserTrend.m */ = {isa = PBXFileReference; fileEncoding = 4; lastKnownFileType = sourcecode.c.objc; name = UserTrend.m; path = Model/UserTrend.m; sourceTree = "<group>"; };
		49834E5C1D4EDCA7005117BB /* UserModel.h */ = {isa = PBXFileReference; fileEncoding = 4; lastKnownFileType = sourcecode.c.h; name = UserModel.h; path = Model/UserModel.h; sourceTree = "<group>"; };
		49834E5D1D4EDCA7005117BB /* UserModel.m */ = {isa = PBXFileReference; fileEncoding = 4; lastKnownFileType = sourcecode.c.objc; name = UserModel.m; path = Model/UserModel.m; sourceTree = "<group>"; };
		49834E5F1D4EDCC4005117BB /* UserTopAnswers.h */ = {isa = PBXFileReference; fileEncoding = 4; lastKnownFileType = sourcecode.c.h; name = UserTopAnswers.h; path = Model/UserTopAnswers.h; sourceTree = "<group>"; };
		49834E601D4EDCC4005117BB /* UserTopAnswers.m */ = {isa = PBXFileReference; fileEncoding = 4; lastKnownFileType = sourcecode.c.objc; name = UserTopAnswers.m; path = Model/UserTopAnswers.m; sourceTree = "<group>"; };
		498EC5451D5040D60097C89E /* UserDetailViewController.h */ = {isa = PBXFileReference; fileEncoding = 4; lastKnownFileType = sourcecode.c.h; name = UserDetailViewController.h; path = Controller/UserDetailViewController.h; sourceTree = "<group>"; };
		498EC5461D5040D60097C89E /* UserDetailViewController.m */ = {isa = PBXFileReference; fileEncoding = 4; lastKnownFileType = sourcecode.c.objc; name = UserDetailViewController.m; path = Controller/UserDetailViewController.m; sourceTree = "<group>"; };
		499585781D4EEF4300DAB88C /* NetworkManager.h */ = {isa = PBXFileReference; fileEncoding = 4; lastKnownFileType = sourcecode.c.h; path = NetworkManager.h; sourceTree = "<group>"; };
		499585791D4EEF4300DAB88C /* NetworkManager.m */ = {isa = PBXFileReference; fileEncoding = 4; lastKnownFileType = sourcecode.c.objc; path = NetworkManager.m; sourceTree = "<group>"; };
		4995857E1D4EF0FD00DAB88C /* GetPostsResult.h */ = {isa = PBXFileReference; fileEncoding = 4; lastKnownFileType = sourcecode.c.h; name = GetPostsResult.h; path = Model/GetPostsResult.h; sourceTree = "<group>"; };
		4995857F1D4EF0FE00DAB88C /* GetPostsResult.m */ = {isa = PBXFileReference; fileEncoding = 4; lastKnownFileType = sourcecode.c.objc; name = GetPostsResult.m; path = Model/GetPostsResult.m; sourceTree = "<group>"; };
		49DBD86E1D4B58550087A8D0 /* KanZhiHu.app */ = {isa = PBXFileReference; explicitFileType = wrapper.application; includeInIndex = 0; path = KanZhiHu.app; sourceTree = BUILT_PRODUCTS_DIR; };
		49DBD8721D4B58550087A8D0 /* main.m */ = {isa = PBXFileReference; lastKnownFileType = sourcecode.c.objc; path = main.m; sourceTree = "<group>"; };
		49DBD8741D4B58550087A8D0 /* AppDelegate.h */ = {isa = PBXFileReference; lastKnownFileType = sourcecode.c.h; path = AppDelegate.h; sourceTree = "<group>"; };
		49DBD8751D4B58550087A8D0 /* AppDelegate.m */ = {isa = PBXFileReference; lastKnownFileType = sourcecode.c.objc; path = AppDelegate.m; sourceTree = "<group>"; };
		49DBD87D1D4B58550087A8D0 /* Assets.xcassets */ = {isa = PBXFileReference; lastKnownFileType = folder.assetcatalog; path = Assets.xcassets; sourceTree = "<group>"; };
		49DBD8801D4B58550087A8D0 /* Base */ = {isa = PBXFileReference; lastKnownFileType = file.storyboard; name = Base; path = Base.lproj/LaunchScreen.storyboard; sourceTree = "<group>"; };
		49DBD8821D4B58550087A8D0 /* Info.plist */ = {isa = PBXFileReference; lastKnownFileType = text.plist.xml; path = Info.plist; sourceTree = "<group>"; };
		49DBD8871D4B58550087A8D0 /* KanZhiHuTests.xctest */ = {isa = PBXFileReference; explicitFileType = wrapper.cfbundle; includeInIndex = 0; path = KanZhiHuTests.xctest; sourceTree = BUILT_PRODUCTS_DIR; };
		49DBD88B1D4B58550087A8D0 /* KanZhiHuTests.m */ = {isa = PBXFileReference; lastKnownFileType = sourcecode.c.objc; path = KanZhiHuTests.m; sourceTree = "<group>"; };
		49DBD88D1D4B58550087A8D0 /* Info.plist */ = {isa = PBXFileReference; lastKnownFileType = text.plist.xml; path = Info.plist; sourceTree = "<group>"; };
		49DBD8921D4B58550087A8D0 /* KanZhiHuUITests.xctest */ = {isa = PBXFileReference; explicitFileType = wrapper.cfbundle; includeInIndex = 0; path = KanZhiHuUITests.xctest; sourceTree = BUILT_PRODUCTS_DIR; };
		49DBD8961D4B58550087A8D0 /* KanZhiHuUITests.m */ = {isa = PBXFileReference; lastKnownFileType = sourcecode.c.objc; path = KanZhiHuUITests.m; sourceTree = "<group>"; };
		49DBD8981D4B58550087A8D0 /* Info.plist */ = {isa = PBXFileReference; lastKnownFileType = text.plist.xml; path = Info.plist; sourceTree = "<group>"; };
		49DBD8A81D4B58F40087A8D0 /* Post.h */ = {isa = PBXFileReference; fileEncoding = 4; lastKnownFileType = sourcecode.c.h; name = Post.h; path = Model/Post.h; sourceTree = "<group>"; };
		49DBD8A91D4B58F40087A8D0 /* Post.m */ = {isa = PBXFileReference; fileEncoding = 4; lastKnownFileType = sourcecode.c.objc; name = Post.m; path = Model/Post.m; sourceTree = "<group>"; };
		49DBD8AB1D4B5B2D0087A8D0 /* PostAnswer.h */ = {isa = PBXFileReference; fileEncoding = 4; lastKnownFileType = sourcecode.c.h; name = PostAnswer.h; path = Model/PostAnswer.h; sourceTree = "<group>"; };
		49DBD8AC1D4B5B2D0087A8D0 /* PostAnswer.m */ = {isa = PBXFileReference; fileEncoding = 4; lastKnownFileType = sourcecode.c.objc; name = PostAnswer.m; path = Model/PostAnswer.m; sourceTree = "<group>"; };
		49DBD8AE1D4B5BC60087A8D0 /* UserDetail.h */ = {isa = PBXFileReference; fileEncoding = 4; lastKnownFileType = sourcecode.c.h; name = UserDetail.h; path = Model/UserDetail.h; sourceTree = "<group>"; };
		49DBD8AF1D4B5BC60087A8D0 /* UserDetail.m */ = {isa = PBXFileReference; fileEncoding = 4; lastKnownFileType = sourcecode.c.objc; name = UserDetail.m; path = Model/UserDetail.m; sourceTree = "<group>"; };
		49DBD8B11D4B5DDE0087A8D0 /* UserStar.h */ = {isa = PBXFileReference; fileEncoding = 4; lastKnownFileType = sourcecode.c.h; name = UserStar.h; path = Model/UserStar.h; sourceTree = "<group>"; };
		49DBD8B21D4B5DDE0087A8D0 /* UserStar.m */ = {isa = PBXFileReference; fileEncoding = 4; lastKnownFileType = sourcecode.c.objc; name = UserStar.m; path = Model/UserStar.m; sourceTree = "<group>"; };
		54EDE2681A5CCF748C6E27E8 /* Pods-KanZhiHuTests.debug.xcconfig */ = {isa = PBXFileReference; includeInIndex = 1; lastKnownFileType = text.xcconfig; name = "Pods-KanZhiHuTests.debug.xcconfig"; path = "Pods/Target Support Files/Pods-KanZhiHuTests/Pods-KanZhiHuTests.debug.xcconfig"; sourceTree = "<group>"; };
		57E92FB43F69E9EB845AEB4A /* libPods-KanZhiHuTests.a */ = {isa = PBXFileReference; explicitFileType = archive.ar; includeInIndex = 0; path = "libPods-KanZhiHuTests.a"; sourceTree = BUILT_PRODUCTS_DIR; };
		B7859A0B786891E29CDF6759 /* libPods-KanZhiHu.a */ = {isa = PBXFileReference; explicitFileType = archive.ar; includeInIndex = 0; path = "libPods-KanZhiHu.a"; sourceTree = BUILT_PRODUCTS_DIR; };
		B964BEA8A153A880FDA3BEDC /* Pods-KanZhiHuTests.release.xcconfig */ = {isa = PBXFileReference; includeInIndex = 1; lastKnownFileType = text.xcconfig; name = "Pods-KanZhiHuTests.release.xcconfig"; path = "Pods/Target Support Files/Pods-KanZhiHuTests/Pods-KanZhiHuTests.release.xcconfig"; sourceTree = "<group>"; };
		BB60B4E4400014B9A34C21E4 /* Pods-KanZhiHuUITests.release.xcconfig */ = {isa = PBXFileReference; includeInIndex = 1; lastKnownFileType = text.xcconfig; name = "Pods-KanZhiHuUITests.release.xcconfig"; path = "Pods/Target Support Files/Pods-KanZhiHuUITests/Pods-KanZhiHuUITests.release.xcconfig"; sourceTree = "<group>"; };
/* End PBXFileReference section */

/* Begin PBXFrameworksBuildPhase section */
		49DBD86B1D4B58550087A8D0 /* Frameworks */ = {
			isa = PBXFrameworksBuildPhase;
			buildActionMask = 2147483647;
			files = (
				BC56529A38F55D8AA4438F06 /* libPods-KanZhiHu.a in Frameworks */,
			);
			runOnlyForDeploymentPostprocessing = 0;
		};
		49DBD8841D4B58550087A8D0 /* Frameworks */ = {
			isa = PBXFrameworksBuildPhase;
			buildActionMask = 2147483647;
			files = (
				87735FDF2A7FA6D587108A46 /* libPods-KanZhiHuTests.a in Frameworks */,
			);
			runOnlyForDeploymentPostprocessing = 0;
		};
		49DBD88F1D4B58550087A8D0 /* Frameworks */ = {
			isa = PBXFrameworksBuildPhase;
			buildActionMask = 2147483647;
			files = (
				36B9775FCA361005BCDC4B3C /* libPods-KanZhiHuUITests.a in Frameworks */,
			);
			runOnlyForDeploymentPostprocessing = 0;
		};
/* End PBXFrameworksBuildPhase section */

/* Begin PBXGroup section */
		1C9ED930830C763FCD7FB9A5 /* Frameworks */ = {
			isa = PBXGroup;
			children = (
				B7859A0B786891E29CDF6759 /* libPods-KanZhiHu.a */,
				57E92FB43F69E9EB845AEB4A /* libPods-KanZhiHuTests.a */,
				2E37D378DDD84D64956091DC /* libPods-KanZhiHuUITests.a */,
			);
			name = Frameworks;
			sourceTree = "<group>";
		};
		49063B891D4F0A0E0064231B /* View */ = {
			isa = PBXGroup;
			children = (
				49063B8A1D4F0A310064231B /* PostsTableViewCell.h */,
				49063B8B1D4F0A310064231B /* PostsTableViewCell.m */,
				49063B941D4F3BAA0064231B /* PostAnswersTableViewCell.h */,
				49063B951D4F3BAA0064231B /* PostAnswersTableViewCell.m */,
			);
			name = View;
			sourceTree = "<group>";
		};
		49063B8D1D4F125C0064231B /* Controller */ = {
			isa = PBXGroup;
			children = (
				49063B8E1D4F127D0064231B /* PostsViewController.h */,
				49063B8F1D4F127D0064231B /* PostsViewController.m */,
				49063B971D4F4A5B0064231B /* PostsAnswersViewController.h */,
				49063B981D4F4A5B0064231B /* PostsAnswersViewController.m */,
				498EC5451D5040D60097C89E /* UserDetailViewController.h */,
				498EC5461D5040D60097C89E /* UserDetailViewController.m */,
			);
			name = Controller;
			sourceTree = "<group>";
		};
		49DBD8651D4B58550087A8D0 = {
			isa = PBXGroup;
			children = (
				49DBD8701D4B58550087A8D0 /* KanZhiHu */,
				49DBD88A1D4B58550087A8D0 /* KanZhiHuTests */,
				49DBD8951D4B58550087A8D0 /* KanZhiHuUITests */,
				49DBD86F1D4B58550087A8D0 /* Products */,
				5513FBBD3FEFEA35ADDAF57B /* Pods */,
				1C9ED930830C763FCD7FB9A5 /* Frameworks */,
			);
			sourceTree = "<group>";
		};
		49DBD86F1D4B58550087A8D0 /* Products */ = {
			isa = PBXGroup;
			children = (
				49DBD86E1D4B58550087A8D0 /* KanZhiHu.app */,
				49DBD8871D4B58550087A8D0 /* KanZhiHuTests.xctest */,
				49DBD8921D4B58550087A8D0 /* KanZhiHuUITests.xctest */,
			);
			name = Products;
			sourceTree = "<group>";
		};
		49DBD8701D4B58550087A8D0 /* KanZhiHu */ = {
			isa = PBXGroup;
			children = (
				49DBD8741D4B58550087A8D0 /* AppDelegate.h */,
				49DBD8751D4B58550087A8D0 /* AppDelegate.m */,
				499585781D4EEF4300DAB88C /* NetworkManager.h */,
				499585791D4EEF4300DAB88C /* NetworkManager.m */,
				49063B8D1D4F125C0064231B /* Controller */,
				49063B891D4F0A0E0064231B /* View */,
				49DBD8A71D4B58E80087A8D0 /* Model */,
				49DBD87D1D4B58550087A8D0 /* Assets.xcassets */,
				49DBD87F1D4B58550087A8D0 /* LaunchScreen.storyboard */,
				49DBD8821D4B58550087A8D0 /* Info.plist */,
				49DBD8711D4B58550087A8D0 /* Supporting Files */,
			);
			path = KanZhiHu;
			sourceTree = "<group>";
		};
		49DBD8711D4B58550087A8D0 /* Supporting Files */ = {
			isa = PBXGroup;
			children = (
				49DBD8721D4B58550087A8D0 /* main.m */,
			);
			name = "Supporting Files";
			sourceTree = "<group>";
		};
		49DBD88A1D4B58550087A8D0 /* KanZhiHuTests */ = {
			isa = PBXGroup;
			children = (
				49DBD88B1D4B58550087A8D0 /* KanZhiHuTests.m */,
				49DBD88D1D4B58550087A8D0 /* Info.plist */,
			);
			path = KanZhiHuTests;
			sourceTree = "<group>";
		};
		49DBD8951D4B58550087A8D0 /* KanZhiHuUITests */ = {
			isa = PBXGroup;
			children = (
				49DBD8961D4B58550087A8D0 /* KanZhiHuUITests.m */,
				49DBD8981D4B58550087A8D0 /* Info.plist */,
			);
			path = KanZhiHuUITests;
			sourceTree = "<group>";
		};
		49DBD8A71D4B58E80087A8D0 /* Model */ = {
			isa = PBXGroup;
			children = (
				4995857E1D4EF0FD00DAB88C /* GetPostsResult.h */,
				4995857F1D4EF0FE00DAB88C /* GetPostsResult.m */,
				49DBD8A81D4B58F40087A8D0 /* Post.h */,
				49DBD8A91D4B58F40087A8D0 /* Post.m */,
				49063B851D4EF6960064231B /* GetPostAnswersResult.h */,
				49063B861D4EF6960064231B /* GetPostAnswersResult.m */,
				49DBD8AB1D4B5B2D0087A8D0 /* PostAnswer.h */,
				49DBD8AC1D4B5B2D0087A8D0 /* PostAnswer.m */,
				49834E5C1D4EDCA7005117BB /* UserModel.h */,
				49834E5D1D4EDCA7005117BB /* UserModel.m */,
				49DBD8AE1D4B5BC60087A8D0 /* UserDetail.h */,
				49DBD8AF1D4B5BC60087A8D0 /* UserDetail.m */,
				49DBD8B11D4B5DDE0087A8D0 /* UserStar.h */,
				49DBD8B21D4B5DDE0087A8D0 /* UserStar.m */,
				49834E561D4EDBC0005117BB /* UserTrend.h */,
				49834E571D4EDBC0005117BB /* UserTrend.m */,
				49834E5F1D4EDCC4005117BB /* UserTopAnswers.h */,
				49834E601D4EDCC4005117BB /* UserTopAnswers.m */,
			);
			name = Model;
			sourceTree = "<group>";
		};
		5513FBBD3FEFEA35ADDAF57B /* Pods */ = {
			isa = PBXGroup;
			children = (
				22F8BD77A0B040D5E7D3EF51 /* Pods-KanZhiHu.debug.xcconfig */,
				3B1DF2F576A81B79D775FC91 /* Pods-KanZhiHu.release.xcconfig */,
				54EDE2681A5CCF748C6E27E8 /* Pods-KanZhiHuTests.debug.xcconfig */,
				B964BEA8A153A880FDA3BEDC /* Pods-KanZhiHuTests.release.xcconfig */,
				3579D32B5F9442768E34EC16 /* Pods-KanZhiHuUITests.debug.xcconfig */,
				BB60B4E4400014B9A34C21E4 /* Pods-KanZhiHuUITests.release.xcconfig */,
			);
			name = Pods;
			sourceTree = "<group>";
		};
/* End PBXGroup section */

/* Begin PBXNativeTarget section */
		49DBD86D1D4B58550087A8D0 /* KanZhiHu */ = {
			isa = PBXNativeTarget;
			buildConfigurationList = 49DBD89B1D4B58550087A8D0 /* Build configuration list for PBXNativeTarget "KanZhiHu" */;
			buildPhases = (
				79A250A83F4249A878440F5E /* [CP] Check Pods Manifest.lock */,
				49DBD86A1D4B58550087A8D0 /* Sources */,
				49DBD86B1D4B58550087A8D0 /* Frameworks */,
				49DBD86C1D4B58550087A8D0 /* Resources */,
				4777949052C2E08261FE294D /* [CP] Embed Pods Frameworks */,
				13F9D1C709690A797294E9FE /* [CP] Copy Pods Resources */,
			);
			buildRules = (
			);
			dependencies = (
			);
			name = KanZhiHu;
			productName = KanZhiHu;
			productReference = 49DBD86E1D4B58550087A8D0 /* KanZhiHu.app */;
			productType = "com.apple.product-type.application";
		};
		49DBD8861D4B58550087A8D0 /* KanZhiHuTests */ = {
			isa = PBXNativeTarget;
			buildConfigurationList = 49DBD89E1D4B58550087A8D0 /* Build configuration list for PBXNativeTarget "KanZhiHuTests" */;
			buildPhases = (
				477BB1DED2948F6B52ECFE39 /* [CP] Check Pods Manifest.lock */,
				49DBD8831D4B58550087A8D0 /* Sources */,
				49DBD8841D4B58550087A8D0 /* Frameworks */,
				49DBD8851D4B58550087A8D0 /* Resources */,
				02C8E541F7B708944B2434D3 /* [CP] Embed Pods Frameworks */,
				108164DBBE4545B0EAD0884F /* [CP] Copy Pods Resources */,
			);
			buildRules = (
			);
			dependencies = (
				49DBD8891D4B58550087A8D0 /* PBXTargetDependency */,
			);
			name = KanZhiHuTests;
			productName = KanZhiHuTests;
			productReference = 49DBD8871D4B58550087A8D0 /* KanZhiHuTests.xctest */;
			productType = "com.apple.product-type.bundle.unit-test";
		};
		49DBD8911D4B58550087A8D0 /* KanZhiHuUITests */ = {
			isa = PBXNativeTarget;
			buildConfigurationList = 49DBD8A11D4B58550087A8D0 /* Build configuration list for PBXNativeTarget "KanZhiHuUITests" */;
			buildPhases = (
				732BC6DC2026BE991A30CAC0 /* [CP] Check Pods Manifest.lock */,
				49DBD88E1D4B58550087A8D0 /* Sources */,
				49DBD88F1D4B58550087A8D0 /* Frameworks */,
				49DBD8901D4B58550087A8D0 /* Resources */,
				C14F9CA4AA37DC401383539D /* [CP] Copy Pods Resources */,
			);
			buildRules = (
			);
			dependencies = (
				49DBD8941D4B58550087A8D0 /* PBXTargetDependency */,
			);
			name = KanZhiHuUITests;
			productName = KanZhiHuUITests;
			productReference = 49DBD8921D4B58550087A8D0 /* KanZhiHuUITests.xctest */;
			productType = "com.apple.product-type.bundle.ui-testing";
		};
/* End PBXNativeTarget section */

/* Begin PBXProject section */
		49DBD8661D4B58550087A8D0 /* Project object */ = {
			isa = PBXProject;
			attributes = {
				LastUpgradeCheck = 0730;
				ORGANIZATIONNAME = "朱安智";
				TargetAttributes = {
					49DBD86D1D4B58550087A8D0 = {
						CreatedOnToolsVersion = 7.3.1;
					};
					49DBD8861D4B58550087A8D0 = {
						CreatedOnToolsVersion = 7.3.1;
						TestTargetID = 49DBD86D1D4B58550087A8D0;
					};
					49DBD8911D4B58550087A8D0 = {
						CreatedOnToolsVersion = 7.3.1;
						TestTargetID = 49DBD86D1D4B58550087A8D0;
					};
				};
			};
			buildConfigurationList = 49DBD8691D4B58550087A8D0 /* Build configuration list for PBXProject "KanZhiHu" */;
			compatibilityVersion = "Xcode 3.2";
			developmentRegion = English;
			hasScannedForEncodings = 0;
			knownRegions = (
				en,
				Base,
			);
			mainGroup = 49DBD8651D4B58550087A8D0;
			productRefGroup = 49DBD86F1D4B58550087A8D0 /* Products */;
			projectDirPath = "";
			projectRoot = "";
			targets = (
				49DBD86D1D4B58550087A8D0 /* KanZhiHu */,
				49DBD8861D4B58550087A8D0 /* KanZhiHuTests */,
				49DBD8911D4B58550087A8D0 /* KanZhiHuUITests */,
			);
		};
/* End PBXProject section */

/* Begin PBXResourcesBuildPhase section */
		49DBD86C1D4B58550087A8D0 /* Resources */ = {
			isa = PBXResourcesBuildPhase;
			buildActionMask = 2147483647;
			files = (
				49DBD8811D4B58550087A8D0 /* LaunchScreen.storyboard in Resources */,
				49DBD87E1D4B58550087A8D0 /* Assets.xcassets in Resources */,
			);
			runOnlyForDeploymentPostprocessing = 0;
		};
		49DBD8851D4B58550087A8D0 /* Resources */ = {
			isa = PBXResourcesBuildPhase;
			buildActionMask = 2147483647;
			files = (
			);
			runOnlyForDeploymentPostprocessing = 0;
		};
		49DBD8901D4B58550087A8D0 /* Resources */ = {
			isa = PBXResourcesBuildPhase;
			buildActionMask = 2147483647;
			files = (
			);
			runOnlyForDeploymentPostprocessing = 0;
		};
/* End PBXResourcesBuildPhase section */

/* Begin PBXShellScriptBuildPhase section */
		02C8E541F7B708944B2434D3 /* [CP] Embed Pods Frameworks */ = {
			isa = PBXShellScriptBuildPhase;
			buildActionMask = 2147483647;
			files = (
			);
			inputPaths = (
			);
			name = "[CP] Embed Pods Frameworks";
			outputPaths = (
			);
			runOnlyForDeploymentPostprocessing = 0;
			shellPath = /bin/sh;
			shellScript = "\"${SRCROOT}/Pods/Target Support Files/Pods-KanZhiHuTests/Pods-KanZhiHuTests-frameworks.sh\"\n";
			showEnvVarsInLog = 0;
		};
		108164DBBE4545B0EAD0884F /* [CP] Copy Pods Resources */ = {
			isa = PBXShellScriptBuildPhase;
			buildActionMask = 2147483647;
			files = (
			);
			inputPaths = (
			);
			name = "[CP] Copy Pods Resources";
			outputPaths = (
			);
			runOnlyForDeploymentPostprocessing = 0;
			shellPath = /bin/sh;
			shellScript = "\"${SRCROOT}/Pods/Target Support Files/Pods-KanZhiHuTests/Pods-KanZhiHuTests-resources.sh\"\n";
			showEnvVarsInLog = 0;
		};
		13F9D1C709690A797294E9FE /* [CP] Copy Pods Resources */ = {
			isa = PBXShellScriptBuildPhase;
			buildActionMask = 2147483647;
			files = (
			);
			inputPaths = (
			);
			name = "[CP] Copy Pods Resources";
			outputPaths = (
			);
			runOnlyForDeploymentPostprocessing = 0;
			shellPath = /bin/sh;
			shellScript = "\"${SRCROOT}/Pods/Target Support Files/Pods-KanZhiHu/Pods-KanZhiHu-resources.sh\"\n";
			showEnvVarsInLog = 0;
		};
		4777949052C2E08261FE294D /* [CP] Embed Pods Frameworks */ = {
			isa = PBXShellScriptBuildPhase;
			buildActionMask = 2147483647;
			files = (
			);
			inputPaths = (
			);
			name = "[CP] Embed Pods Frameworks";
			outputPaths = (
			);
			runOnlyForDeploymentPostprocessing = 0;
			shellPath = /bin/sh;
			shellScript = "\"${SRCROOT}/Pods/Target Support Files/Pods-KanZhiHu/Pods-KanZhiHu-frameworks.sh\"\n";
			showEnvVarsInLog = 0;
		};
		477BB1DED2948F6B52ECFE39 /* [CP] Check Pods Manifest.lock */ = {
			isa = PBXShellScriptBuildPhase;
			buildActionMask = 2147483647;
			files = (
			);
			inputPaths = (
			);
			name = "[CP] Check Pods Manifest.lock";
			outputPaths = (
			);
			runOnlyForDeploymentPostprocessing = 0;
			shellPath = /bin/sh;
			shellScript = "diff \"${PODS_ROOT}/../Podfile.lock\" \"${PODS_ROOT}/Manifest.lock\" > /dev/null\nif [[ $? != 0 ]] ; then\n    cat << EOM\nerror: The sandbox is not in sync with the Podfile.lock. Run 'pod install' or update your CocoaPods installation.\nEOM\n    exit 1\nfi\n";
			showEnvVarsInLog = 0;
		};
		732BC6DC2026BE991A30CAC0 /* [CP] Check Pods Manifest.lock */ = {
			isa = PBXShellScriptBuildPhase;
			buildActionMask = 2147483647;
			files = (
			);
			inputPaths = (
			);
			name = "[CP] Check Pods Manifest.lock";
			outputPaths = (
			);
			runOnlyForDeploymentPostprocessing = 0;
			shellPath = /bin/sh;
			shellScript = "diff \"${PODS_ROOT}/../Podfile.lock\" \"${PODS_ROOT}/Manifest.lock\" > /dev/null\nif [[ $? != 0 ]] ; then\n    cat << EOM\nerror: The sandbox is not in sync with the Podfile.lock. Run 'pod install' or update your CocoaPods installation.\nEOM\n    exit 1\nfi\n";
			showEnvVarsInLog = 0;
		};
		79A250A83F4249A878440F5E /* [CP] Check Pods Manifest.lock */ = {
			isa = PBXShellScriptBuildPhase;
			buildActionMask = 2147483647;
			files = (
			);
			inputPaths = (
			);
			name = "[CP] Check Pods Manifest.lock";
			outputPaths = (
			);
			runOnlyForDeploymentPostprocessing = 0;
			shellPath = /bin/sh;
			shellScript = "diff \"${PODS_ROOT}/../Podfile.lock\" \"${PODS_ROOT}/Manifest.lock\" > /dev/null\nif [[ $? != 0 ]] ; then\n    cat << EOM\nerror: The sandbox is not in sync with the Podfile.lock. Run 'pod install' or update your CocoaPods installation.\nEOM\n    exit 1\nfi\n";
			showEnvVarsInLog = 0;
		};
		C14F9CA4AA37DC401383539D /* [CP] Copy Pods Resources */ = {
			isa = PBXShellScriptBuildPhase;
			buildActionMask = 2147483647;
			files = (
			);
			inputPaths = (
			);
			name = "[CP] Copy Pods Resources";
			outputPaths = (
			);
			runOnlyForDeploymentPostprocessing = 0;
			shellPath = /bin/sh;
			shellScript = "\"${SRCROOT}/Pods/Target Support Files/Pods-KanZhiHuUITests/Pods-KanZhiHuUITests-resources.sh\"\n";
			showEnvVarsInLog = 0;
		};
/* End PBXShellScriptBuildPhase section */

/* Begin PBXSourcesBuildPhase section */
		49DBD86A1D4B58550087A8D0 /* Sources */ = {
			isa = PBXSourcesBuildPhase;
			buildActionMask = 2147483647;
			files = (
				49DBD8B31D4B5DDE0087A8D0 /* UserStar.m in Sources */,
				49063B961D4F3BAA0064231B /* PostAnswersTableViewCell.m in Sources */,
				49063B991D4F4A5B0064231B /* PostsAnswersViewController.m in Sources */,
				49DBD8761D4B58550087A8D0 /* AppDelegate.m in Sources */,
				498EC5471D5040D60097C89E /* UserDetailViewController.m in Sources */,
				49DBD8AD1D4B5B2D0087A8D0 /* PostAnswer.m in Sources */,
				499585801D4EF0FE00DAB88C /* GetPostsResult.m in Sources */,
				49DBD8AA1D4B58F40087A8D0 /* Post.m in Sources */,
				49DBD8B01D4B5BC60087A8D0 /* UserDetail.m in Sources */,
				49DBD8731D4B58550087A8D0 /* main.m in Sources */,
				49063B8C1D4F0A310064231B /* PostsTableViewCell.m in Sources */,
				49063B901D4F127D0064231B /* PostsViewController.m in Sources */,
				49834E581D4EDBC0005117BB /* UserTrend.m in Sources */,
				49834E5E1D4EDCA7005117BB /* UserModel.m in Sources */,
				49063B871D4EF6960064231B /* GetPostAnswersResult.m in Sources */,
				4995857A1D4EEF4300DAB88C /* NetworkManager.m in Sources */,
				49834E611D4EDCC4005117BB /* UserTopAnswers.m in Sources */,
			);
			runOnlyForDeploymentPostprocessing = 0;
		};
		49DBD8831D4B58550087A8D0 /* Sources */ = {
			isa = PBXSourcesBuildPhase;
			buildActionMask = 2147483647;
			files = (
				49DBD88C1D4B58550087A8D0 /* KanZhiHuTests.m in Sources */,
			);
			runOnlyForDeploymentPostprocessing = 0;
		};
		49DBD88E1D4B58550087A8D0 /* Sources */ = {
			isa = PBXSourcesBuildPhase;
			buildActionMask = 2147483647;
			files = (
				49DBD8971D4B58550087A8D0 /* KanZhiHuUITests.m in Sources */,
			);
			runOnlyForDeploymentPostprocessing = 0;
		};
/* End PBXSourcesBuildPhase section */

/* Begin PBXTargetDependency section */
		49DBD8891D4B58550087A8D0 /* PBXTargetDependency */ = {
			isa = PBXTargetDependency;
			target = 49DBD86D1D4B58550087A8D0 /* KanZhiHu */;
			targetProxy = 49DBD8881D4B58550087A8D0 /* PBXContainerItemProxy */;
		};
		49DBD8941D4B58550087A8D0 /* PBXTargetDependency */ = {
			isa = PBXTargetDependency;
			target = 49DBD86D1D4B58550087A8D0 /* KanZhiHu */;
			targetProxy = 49DBD8931D4B58550087A8D0 /* PBXContainerItemProxy */;
		};
/* End PBXTargetDependency section */

/* Begin PBXVariantGroup section */
		49DBD87F1D4B58550087A8D0 /* LaunchScreen.storyboard */ = {
			isa = PBXVariantGroup;
			children = (
				49DBD8801D4B58550087A8D0 /* Base */,
			);
			name = LaunchScreen.storyboard;
			sourceTree = "<group>";
		};
/* End PBXVariantGroup section */

/* Begin XCBuildConfiguration section */
		49DBD8991D4B58550087A8D0 /* Debug */ = {
			isa = XCBuildConfiguration;
			buildSettings = {
				ALWAYS_SEARCH_USER_PATHS = NO;
				CLANG_ANALYZER_NONNULL = YES;
				CLANG_CXX_LANGUAGE_STANDARD = "gnu++0x";
				CLANG_CXX_LIBRARY = "libc++";
				CLANG_ENABLE_MODULES = YES;
				CLANG_ENABLE_OBJC_ARC = YES;
				CLANG_WARN_BOOL_CONVERSION = YES;
				CLANG_WARN_CONSTANT_CONVERSION = YES;
				CLANG_WARN_DIRECT_OBJC_ISA_USAGE = YES_ERROR;
				CLANG_WARN_EMPTY_BODY = YES;
				CLANG_WARN_ENUM_CONVERSION = YES;
				CLANG_WARN_INT_CONVERSION = YES;
				CLANG_WARN_OBJC_ROOT_CLASS = YES_ERROR;
				CLANG_WARN_UNREACHABLE_CODE = YES;
				CLANG_WARN__DUPLICATE_METHOD_MATCH = YES;
				"CODE_SIGN_IDENTITY[sdk=iphoneos*]" = "iPhone Developer";
				COPY_PHASE_STRIP = NO;
				DEBUG_INFORMATION_FORMAT = dwarf;
				ENABLE_STRICT_OBJC_MSGSEND = YES;
				ENABLE_TESTABILITY = YES;
				GCC_C_LANGUAGE_STANDARD = gnu99;
				GCC_DYNAMIC_NO_PIC = NO;
				GCC_NO_COMMON_BLOCKS = YES;
				GCC_OPTIMIZATION_LEVEL = 0;
				GCC_PREPROCESSOR_DEFINITIONS = (
					"DEBUG=1",
					"$(inherited)",
				);
				GCC_WARN_64_TO_32_BIT_CONVERSION = YES;
				GCC_WARN_ABOUT_RETURN_TYPE = YES_ERROR;
				GCC_WARN_UNDECLARED_SELECTOR = YES;
				GCC_WARN_UNINITIALIZED_AUTOS = YES_AGGRESSIVE;
				GCC_WARN_UNUSED_FUNCTION = YES;
				GCC_WARN_UNUSED_VARIABLE = YES;
				IPHONEOS_DEPLOYMENT_TARGET = 9.3;
				MTL_ENABLE_DEBUG_INFO = YES;
				ONLY_ACTIVE_ARCH = YES;
				SDKROOT = iphoneos;
				TARGETED_DEVICE_FAMILY = "1,2";
			};
			name = Debug;
		};
		49DBD89A1D4B58550087A8D0 /* Release */ = {
			isa = XCBuildConfiguration;
			buildSettings = {
				ALWAYS_SEARCH_USER_PATHS = NO;
				CLANG_ANALYZER_NONNULL = YES;
				CLANG_CXX_LANGUAGE_STANDARD = "gnu++0x";
				CLANG_CXX_LIBRARY = "libc++";
				CLANG_ENABLE_MODULES = YES;
				CLANG_ENABLE_OBJC_ARC = YES;
				CLANG_WARN_BOOL_CONVERSION = YES;
				CLANG_WARN_CONSTANT_CONVERSION = YES;
				CLANG_WARN_DIRECT_OBJC_ISA_USAGE = YES_ERROR;
				CLANG_WARN_EMPTY_BODY = YES;
				CLANG_WARN_ENUM_CONVERSION = YES;
				CLANG_WARN_INT_CONVERSION = YES;
				CLANG_WARN_OBJC_ROOT_CLASS = YES_ERROR;
				CLANG_WARN_UNREACHABLE_CODE = YES;
				CLANG_WARN__DUPLICATE_METHOD_MATCH = YES;
				"CODE_SIGN_IDENTITY[sdk=iphoneos*]" = "iPhone Developer";
				COPY_PHASE_STRIP = NO;
				DEBUG_INFORMATION_FORMAT = "dwarf-with-dsym";
				ENABLE_NS_ASSERTIONS = NO;
				ENABLE_STRICT_OBJC_MSGSEND = YES;
				GCC_C_LANGUAGE_STANDARD = gnu99;
				GCC_NO_COMMON_BLOCKS = YES;
				GCC_WARN_64_TO_32_BIT_CONVERSION = YES;
				GCC_WARN_ABOUT_RETURN_TYPE = YES_ERROR;
				GCC_WARN_UNDECLARED_SELECTOR = YES;
				GCC_WARN_UNINITIALIZED_AUTOS = YES_AGGRESSIVE;
				GCC_WARN_UNUSED_FUNCTION = YES;
				GCC_WARN_UNUSED_VARIABLE = YES;
				IPHONEOS_DEPLOYMENT_TARGET = 9.3;
				MTL_ENABLE_DEBUG_INFO = NO;
				SDKROOT = iphoneos;
				TARGETED_DEVICE_FAMILY = "1,2";
				VALIDATE_PRODUCT = YES;
			};
			name = Release;
		};
		49DBD89C1D4B58550087A8D0 /* Debug */ = {
			isa = XCBuildConfiguration;
			baseConfigurationReference = 22F8BD77A0B040D5E7D3EF51 /* Pods-KanZhiHu.debug.xcconfig */;
			buildSettings = {
				ASSETCATALOG_COMPILER_APPICON_NAME = AppIcon;
				INFOPLIST_FILE = KanZhiHu/Info.plist;
				IPHONEOS_DEPLOYMENT_TARGET = 8.0;
				LD_RUNPATH_SEARCH_PATHS = "$(inherited) @executable_path/Frameworks";
				PRODUCT_BUNDLE_IDENTIFIER = com.tecom.KanZhiHu;
				PRODUCT_NAME = "$(TARGET_NAME)";
			};
			name = Debug;
		};
		49DBD89D1D4B58550087A8D0 /* Release */ = {
			isa = XCBuildConfiguration;
			baseConfigurationReference = 3B1DF2F576A81B79D775FC91 /* Pods-KanZhiHu.release.xcconfig */;
			buildSettings = {
				ASSETCATALOG_COMPILER_APPICON_NAME = AppIcon;
				INFOPLIST_FILE = KanZhiHu/Info.plist;
				IPHONEOS_DEPLOYMENT_TARGET = 8.0;
				LD_RUNPATH_SEARCH_PATHS = "$(inherited) @executable_path/Frameworks";
				PRODUCT_BUNDLE_IDENTIFIER = com.tecom.KanZhiHu;
				PRODUCT_NAME = "$(TARGET_NAME)";
			};
			name = Release;
		};
		49DBD89F1D4B58550087A8D0 /* Debug */ = {
			isa = XCBuildConfiguration;
			baseConfigurationReference = 54EDE2681A5CCF748C6E27E8 /* Pods-KanZhiHuTests.debug.xcconfig */;
			buildSettings = {
				BUNDLE_LOADER = "$(TEST_HOST)";
				INFOPLIST_FILE = KanZhiHuTests/Info.plist;
				LD_RUNPATH_SEARCH_PATHS = "$(inherited) @executable_path/Frameworks @loader_path/Frameworks";
				PRODUCT_BUNDLE_IDENTIFIER = com.tecom.KanZhiHuTests;
				PRODUCT_NAME = "$(TARGET_NAME)";
				TEST_HOST = "$(BUILT_PRODUCTS_DIR)/KanZhiHu.app/KanZhiHu";
			};
			name = Debug;
		};
		49DBD8A01D4B58550087A8D0 /* Release */ = {
			isa = XCBuildConfiguration;
			baseConfigurationReference = B964BEA8A153A880FDA3BEDC /* Pods-KanZhiHuTests.release.xcconfig */;
			buildSettings = {
				BUNDLE_LOADER = "$(TEST_HOST)";
				INFOPLIST_FILE = KanZhiHuTests/Info.plist;
				LD_RUNPATH_SEARCH_PATHS = "$(inherited) @executable_path/Frameworks @loader_path/Frameworks";
				PRODUCT_BUNDLE_IDENTIFIER = com.tecom.KanZhiHuTests;
				PRODUCT_NAME = "$(TARGET_NAME)";
				TEST_HOST = "$(BUILT_PRODUCTS_DIR)/KanZhiHu.app/KanZhiHu";
			};
			name = Release;
		};
		49DBD8A21D4B58550087A8D0 /* Debug */ = {
			isa = XCBuildConfiguration;
			baseConfigurationReference = 3579D32B5F9442768E34EC16 /* Pods-KanZhiHuUITests.debug.xcconfig */;
			buildSettings = {
				INFOPLIST_FILE = KanZhiHuUITests/Info.plist;
				LD_RUNPATH_SEARCH_PATHS = "$(inherited) @executable_path/Frameworks @loader_path/Frameworks";
				PRODUCT_BUNDLE_IDENTIFIER = com.tecom.KanZhiHuUITests;
				PRODUCT_NAME = "$(TARGET_NAME)";
				TEST_TARGET_NAME = KanZhiHu;
			};
			name = Debug;
		};
		49DBD8A31D4B58550087A8D0 /* Release */ = {
			isa = XCBuildConfiguration;
			baseConfigurationReference = BB60B4E4400014B9A34C21E4 /* Pods-KanZhiHuUITests.release.xcconfig */;
			buildSettings = {
				INFOPLIST_FILE = KanZhiHuUITests/Info.plist;
				LD_RUNPATH_SEARCH_PATHS = "$(inherited) @executable_path/Frameworks @loader_path/Frameworks";
				PRODUCT_BUNDLE_IDENTIFIER = com.tecom.KanZhiHuUITests;
				PRODUCT_NAME = "$(TARGET_NAME)";
				TEST_TARGET_NAME = KanZhiHu;
			};
			name = Release;
		};
/* End XCBuildConfiguration section */

/* Begin XCConfigurationList section */
		49DBD8691D4B58550087A8D0 /* Build configuration list for PBXProject "KanZhiHu" */ = {
			isa = XCConfigurationList;
			buildConfigurations = (
				49DBD8991D4B58550087A8D0 /* Debug */,
				49DBD89A1D4B58550087A8D0 /* Release */,
			);
			defaultConfigurationIsVisible = 0;
			defaultConfigurationName = Release;
		};
		49DBD89B1D4B58550087A8D0 /* Build configuration list for PBXNativeTarget "KanZhiHu" */ = {
			isa = XCConfigurationList;
			buildConfigurations = (
				49DBD89C1D4B58550087A8D0 /* Debug */,
				49DBD89D1D4B58550087A8D0 /* Release */,
			);
			defaultConfigurationIsVisible = 0;
			defaultConfigurationName = Release;
		};
		49DBD89E1D4B58550087A8D0 /* Build configuration list for PBXNativeTarget "KanZhiHuTests" */ = {
			isa = XCConfigurationList;
			buildConfigurations = (
				49DBD89F1D4B58550087A8D0 /* Debug */,
				49DBD8A01D4B58550087A8D0 /* Release */,
			);
			defaultConfigurationIsVisible = 0;
			defaultConfigurationName = Release;
		};
		49DBD8A11D4B58550087A8D0 /* Build configuration list for PBXNativeTarget "KanZhiHuUITests" */ = {
			isa = XCConfigurationList;
			buildConfigurations = (
				49DBD8A21D4B58550087A8D0 /* Debug */,
				49DBD8A31D4B58550087A8D0 /* Release */,
			);
			defaultConfigurationIsVisible = 0;
			defaultConfigurationName = Release;
		};
/* End XCConfigurationList section */
	};
	rootObject = 49DBD8661D4B58550087A8D0 /* Project object */;
}
