// !$*UTF8*$!
{
	archiveVersion = 1;
	classes = {
	};
	objectVersion = 46;
	objects = {

/* Begin PBXBuildFile section */
		49DBD8731D4B58550087A8D0 /* main.m in Sources */ = {isa = PBXBuildFile; fileRef = 49DBD8721D4B58550087A8D0 /* main.m */; };
		49DBD8761D4B58550087A8D0 /* AppDelegate.m in Sources */ = {isa = PBXBuildFile; fileRef = 49DBD8751D4B58550087A8D0 /* AppDelegate.m */; };
		49DBD8791D4B58550087A8D0 /* ViewController.m in Sources */ = {isa = PBXBuildFile; fileRef = 49DBD8781D4B58550087A8D0 /* ViewController.m */; };
		49DBD87C1D4B58550087A8D0 /* Main.storyboard in Resources */ = {isa = PBXBuildFile; fileRef = 49DBD87A1D4B58550087A8D0 /* Main.storyboard */; };
		49DBD87E1D4B58550087A8D0 /* Assets.xcassets in Resources */ = {isa = PBXBuildFile; fileRef = 49DBD87D1D4B58550087A8D0 /* Assets.xcassets */; };
		49DBD8811D4B58550087A8D0 /* LaunchScreen.storyboard in Resources */ = {isa = PBXBuildFile; fileRef = 49DBD87F1D4B58550087A8D0 /* LaunchScreen.storyboard */; };
		49DBD88C1D4B58550087A8D0 /* KanZhiHuTests.m in Sources */ = {isa = PBXBuildFile; fileRef = 49DBD88B1D4B58550087A8D0 /* KanZhiHuTests.m */; };
		49DBD8971D4B58550087A8D0 /* KanZhiHuUITests.m in Sources */ = {isa = PBXBuildFile; fileRef = 49DBD8961D4B58550087A8D0 /* KanZhiHuUITests.m */; };
/* End PBXBuildFile section */

/* Begin PBXContainerItemProxy section */
		49DBD8881D4B58550087A8D0 /* PBXContainerItemProxy */ = {
			isa = PBXContainerItemProxy;
			containerPortal = 49DBD8661D4B58550087A8D0 /* Project object */;
			proxyType = 1;
			remoteGlobalIDString = 49DBD86D1D4B58550087A8D0;
			remoteInfo = KanZhiHu;
		};
		49DBD8931D4B58550087A8D0 /* PBXContainerItemProxy */ = {
			isa = PBXContainerItemProxy;
			containerPortal = 49DBD8661D4B58550087A8D0 /* Project object */;
			proxyType = 1;
			remoteGlobalIDString = 49DBD86D1D4B58550087A8D0;
			remoteInfo = KanZhiHu;
		};
/* End PBXContainerItemProxy section */

/* Begin PBXFileReference section */
		49DBD86E1D4B58550087A8D0 /* KanZhiHu.app */ = {isa = PBXFileReference; explicitFileType = wrapper.application; includeInIndex = 0; path = KanZhiHu.app; sourceTree = BUILT_PRODUCTS_DIR; };
		49DBD8721D4B58550087A8D0 /* main.m */ = {isa = PBXFileReference; lastKnownFileType = sourcecode.c.objc; path = main.m; sourceTree = "<group>"; };
		49DBD8741D4B58550087A8D0 /* AppDelegate.h */ = {isa = PBXFileReference; lastKnownFileType = sourcecode.c.h; path = AppDelegate.h; sourceTree = "<group>"; };
		49DBD8751D4B58550087A8D0 /* AppDelegate.m */ = {isa = PBXFileReference; lastKnownFileType = sourcecode.c.objc; path = AppDelegate.m; sourceTree = "<group>"; };
		49DBD8771D4B58550087A8D0 /* ViewController.h */ = {isa = PBXFileReference; lastKnownFileType = sourcecode.c.h; path = ViewController.h; sourceTree = "<group>"; };
		49DBD8781D4B58550087A8D0 /* ViewController.m */ = {isa = PBXFileReference; lastKnownFileType = sourcecode.c.objc; path = ViewController.m; sourceTree = "<group>"; };
		49DBD87B1D4B58550087A8D0 /* Base */ = {isa = PBXFileReference; lastKnownFileType = file.storyboard; name = Base; path = Base.lproj/Main.storyboard; sourceTree = "<group>"; };
		49DBD87D1D4B58550087A8D0 /* Assets.xcassets */ = {isa = PBXFileReference; lastKnownFileType = folder.assetcatalog; path = Assets.xcassets; sourceTree = "<group>"; };
		49DBD8801D4B58550087A8D0 /* Base */ = {isa = PBXFileReference; lastKnownFileType = file.storyboard; name = Base; path = Base.lproj/LaunchScreen.storyboard; sourceTree = "<group>"; };
		49DBD8821D4B58550087A8D0 /* Info.plist */ = {isa = PBXFileReference; lastKnownFileType = text.plist.xml; path = Info.plist; sourceTree = "<group>"; };
		49DBD8871D4B58550087A8D0 /* KanZhiHuTests.xctest */ = {isa = PBXFileReference; explicitFileType = wrapper.cfbundle; includeInIndex = 0; path = KanZhiHuTests.xctest; sourceTree = BUILT_PRODUCTS_DIR; };
		49DBD88B1D4B58550087A8D0 /* KanZhiHuTests.m */ = {isa = PBXFileReference; lastKnownFileType = sourcecode.c.objc; path = KanZhiHuTests.m; sourceTree = "<group>"; };
		49DBD88D1D4B58550087A8D0 /* Info.plist */ = {isa = PBXFileReference; lastKnownFileType = text.plist.xml; path = Info.plist; sourceTree = "<group>"; };
		49DBD8921D4B58550087A8D0 /* KanZhiHuUITests.xctest */ = {isa = PBXFileReference; explicitFileType = wrapper.cfbundle; includeInIndex = 0; path = KanZhiHuUITests.xctest; sourceTree = BUILT_PRODUCTS_DIR; };
		49DBD8961D4B58550087A8D0 /* KanZhiHuUITests.m */ = {isa = PBXFileReference; lastKnownFileType = sourcecode.c.objc; path = KanZhiHuUITests.m; sourceTree = "<group>"; };
		49DBD8981D4B58550087A8D0 /* Info.plist */ = {isa = PBXFileReference; lastKnownFileType = text.plist.xml; path = Info.plist; sourceTree = "<group>"; };
/* End PBXFileReference section */

/* Begin PBXFrameworksBuildPhase section */
		49DBD86B1D4B58550087A8D0 /* Frameworks */ = {
			isa = PBXFrameworksBuildPhase;
			buildActionMask = 2147483647;
			files = (
			);
			runOnlyForDeploymentPostprocessing = 0;
		};
		49DBD8841D4B58550087A8D0 /* Frameworks */ = {
			isa = PBXFrameworksBuildPhase;
			buildActionMask = 2147483647;
			files = (
			);
			runOnlyForDeploymentPostprocessing = 0;
		};
		49DBD88F1D4B58550087A8D0 /* Frameworks */ = {
			isa = PBXFrameworksBuildPhase;
			buildActionMask = 2147483647;
			files = (
			);
			runOnlyForDeploymentPostprocessing = 0;
		};
/* End PBXFrameworksBuildPhase section */

/* Begin PBXGroup section */
		49DBD8651D4B58550087A8D0 = {
			isa = PBXGroup;
			children = (
				49DBD8701D4B58550087A8D0 /* KanZhiHu */,
				49DBD88A1D4B58550087A8D0 /* KanZhiHuTests */,
				49DBD8951D4B58550087A8D0 /* KanZhiHuUITests */,
				49DBD86F1D4B58550087A8D0 /* Products */,
			);
			sourceTree = "<group>";
		};
		49DBD86F1D4B58550087A8D0 /* Products */ = {
			isa = PBXGroup;
			children = (
				49DBD86E1D4B58550087A8D0 /* KanZhiHu.app */,
				49DBD8871D4B58550087A8D0 /* KanZhiHuTests.xctest */,
				49DBD8921D4B58550087A8D0 /* KanZhiHuUITests.xctest */,
			);
			name = Products;
			sourceTree = "<group>";
		};
		49DBD8701D4B58550087A8D0 /* KanZhiHu */ = {
			isa = PBXGroup;
			children = (
				49DBD8741D4B58550087A8D0 /* AppDelegate.h */,
				49DBD8751D4B58550087A8D0 /* AppDelegate.m */,
				49DBD8771D4B58550087A8D0 /* ViewController.h */,
				49DBD8781D4B58550087A8D0 /* ViewController.m */,
				49DBD87A1D4B58550087A8D0 /* Main.storyboard */,
				49DBD87D1D4B58550087A8D0 /* Assets.xcassets */,
				49DBD87F1D4B58550087A8D0 /* LaunchScreen.storyboard */,
				49DBD8821D4B58550087A8D0 /* Info.plist */,
				49DBD8711D4B58550087A8D0 /* Supporting Files */,
			);
			path = KanZhiHu;
			sourceTree = "<group>";
		};
		49DBD8711D4B58550087A8D0 /* Supporting Files */ = {
			isa = PBXGroup;
			children = (
				49DBD8721D4B58550087A8D0 /* main.m */,
			);
			name = "Supporting Files";
			sourceTree = "<group>";
		};
		49DBD88A1D4B58550087A8D0 /* KanZhiHuTests */ = {
			isa = PBXGroup;
			children = (
				49DBD88B1D4B58550087A8D0 /* KanZhiHuTests.m */,
				49DBD88D1D4B58550087A8D0 /* Info.plist */,
			);
			path = KanZhiHuTests;
			sourceTree = "<group>";
		};
		49DBD8951D4B58550087A8D0 /* KanZhiHuUITests */ = {
			isa = PBXGroup;
			children = (
				49DBD8961D4B58550087A8D0 /* KanZhiHuUITests.m */,
				49DBD8981D4B58550087A8D0 /* Info.plist */,
			);
			path = KanZhiHuUITests;
			sourceTree = "<group>";
		};
/* End PBXGroup section */

/* Begin PBXNativeTarget section */
		49DBD86D1D4B58550087A8D0 /* KanZhiHu */ = {
			isa = PBXNativeTarget;
			buildConfigurationList = 49DBD89B1D4B58550087A8D0 /* Build configuration list for PBXNativeTarget "KanZhiHu" */;
			buildPhases = (
				49DBD86A1D4B58550087A8D0 /* Sources */,
				49DBD86B1D4B58550087A8D0 /* Frameworks */,
				49DBD86C1D4B58550087A8D0 /* Resources */,
			);
			buildRules = (
			);
			dependencies = (
			);
			name = KanZhiHu;
			productName = KanZhiHu;
			productReference = 49DBD86E1D4B58550087A8D0 /* KanZhiHu.app */;
			productType = "com.apple.product-type.application";
		};
		49DBD8861D4B58550087A8D0 /* KanZhiHuTests */ = {
			isa = PBXNativeTarget;
			buildConfigurationList = 49DBD89E1D4B58550087A8D0 /* Build configuration list for PBXNativeTarget "KanZhiHuTests" */;
			buildPhases = (
				49DBD8831D4B58550087A8D0 /* Sources */,
				49DBD8841D4B58550087A8D0 /* Frameworks */,
				49DBD8851D4B58550087A8D0 /* Resources */,
			);
			buildRules = (
			);
			dependencies = (
				49DBD8891D4B58550087A8D0 /* PBXTargetDependency */,
			);
			name = KanZhiHuTests;
			productName = KanZhiHuTests;
			productReference = 49DBD8871D4B58550087A8D0 /* KanZhiHuTests.xctest */;
			productType = "com.apple.product-type.bundle.unit-test";
		};
		49DBD8911D4B58550087A8D0 /* KanZhiHuUITests */ = {
			isa = PBXNativeTarget;
			buildConfigurationList = 49DBD8A11D4B58550087A8D0 /* Build configuration list for PBXNativeTarget "KanZhiHuUITests" */;
			buildPhases = (
				49DBD88E1D4B58550087A8D0 /* Sources */,
				49DBD88F1D4B58550087A8D0 /* Frameworks */,
				49DBD8901D4B58550087A8D0 /* Resources */,
			);
			buildRules = (
			);
			dependencies = (
				49DBD8941D4B58550087A8D0 /* PBXTargetDependency */,
			);
			name = KanZhiHuUITests;
			productName = KanZhiHuUITests;
			productReference = 49DBD8921D4B58550087A8D0 /* KanZhiHuUITests.xctest */;
			productType = "com.apple.product-type.bundle.ui-testing";
		};
/* End PBXNativeTarget section */

/* Begin PBXProject section */
		49DBD8661D4B58550087A8D0 /* Project object */ = {
			isa = PBXProject;
			attributes = {
				LastUpgradeCheck = 0730;
				ORGANIZATIONNAME = "朱安智";
				TargetAttributes = {
					49DBD86D1D4B58550087A8D0 = {
						CreatedOnToolsVersion = 7.3.1;
					};
					49DBD8861D4B58550087A8D0 = {
						CreatedOnToolsVersion = 7.3.1;
						TestTargetID = 49DBD86D1D4B58550087A8D0;
					};
					49DBD8911D4B58550087A8D0 = {
						CreatedOnToolsVersion = 7.3.1;
						TestTargetID = 49DBD86D1D4B58550087A8D0;
					};
				};
			};
			buildConfigurationList = 49DBD8691D4B58550087A8D0 /* Build configuration list for PBXProject "KanZhiHu" */;
			compatibilityVersion = "Xcode 3.2";
			developmentRegion = English;
			hasScannedForEncodings = 0;
			knownRegions = (
				en,
				Base,
			);
			mainGroup = 49DBD8651D4B58550087A8D0;
			productRefGroup = 49DBD86F1D4B58550087A8D0 /* Products */;
			projectDirPath = "";
			projectRoot = "";
			targets = (
				49DBD86D1D4B58550087A8D0 /* KanZhiHu */,
				49DBD8861D4B58550087A8D0 /* KanZhiHuTests */,
				49DBD8911D4B58550087A8D0 /* KanZhiHuUITests */,
			);
		};
/* End PBXProject section */

/* Begin PBXResourcesBuildPhase section */
		49DBD86C1D4B58550087A8D0 /* Resources */ = {
			isa = PBXResourcesBuildPhase;
			buildActionMask = 2147483647;
			files = (
				49DBD8811D4B58550087A8D0 /* LaunchScreen.storyboard in Resources */,
				49DBD87E1D4B58550087A8D0 /* Assets.xcassets in Resources */,
				49DBD87C1D4B58550087A8D0 /* Main.storyboard in Resources */,
			);
			runOnlyForDeploymentPostprocessing = 0;
		};
		49DBD8851D4B58550087A8D0 /* Resources */ = {
			isa = PBXResourcesBuildPhase;
			buildActionMask = 2147483647;
			files = (
			);
			runOnlyForDeploymentPostprocessing = 0;
		};
		49DBD8901D4B58550087A8D0 /* Resources */ = {
			isa = PBXResourcesBuildPhase;
			buildActionMask = 2147483647;
			files = (
			);
			runOnlyForDeploymentPostprocessing = 0;
		};
/* End PBXResourcesBuildPhase section */

/* Begin PBXSourcesBuildPhase section */
		49DBD86A1D4B58550087A8D0 /* Sources */ = {
			isa = PBXSourcesBuildPhase;
			buildActionMask = 2147483647;
			files = (
				49DBD8791D4B58550087A8D0 /* ViewController.m in Sources */,
				49DBD8761D4B58550087A8D0 /* AppDelegate.m in Sources */,
				49DBD8731D4B58550087A8D0 /* main.m in Sources */,
			);
			runOnlyForDeploymentPostprocessing = 0;
		};
		49DBD8831D4B58550087A8D0 /* Sources */ = {
			isa = PBXSourcesBuildPhase;
			buildActionMask = 2147483647;
			files = (
				49DBD88C1D4B58550087A8D0 /* KanZhiHuTests.m in Sources */,
			);
			runOnlyForDeploymentPostprocessing = 0;
		};
		49DBD88E1D4B58550087A8D0 /* Sources */ = {
			isa = PBXSourcesBuildPhase;
			buildActionMask = 2147483647;
			files = (
				49DBD8971D4B58550087A8D0 /* KanZhiHuUITests.m in Sources */,
			);
			runOnlyForDeploymentPostprocessing = 0;
		};
/* End PBXSourcesBuildPhase section */

/* Begin PBXTargetDependency section */
		49DBD8891D4B58550087A8D0 /* PBXTargetDependency */ = {
			isa = PBXTargetDependency;
			target = 49DBD86D1D4B58550087A8D0 /* KanZhiHu */;
			targetProxy = 49DBD8881D4B58550087A8D0 /* PBXContainerItemProxy */;
		};
		49DBD8941D4B58550087A8D0 /* PBXTargetDependency */ = {
			isa = PBXTargetDependency;
			target = 49DBD86D1D4B58550087A8D0 /* KanZhiHu */;
			targetProxy = 49DBD8931D4B58550087A8D0 /* PBXContainerItemProxy */;
		};
/* End PBXTargetDependency section */

/* Begin PBXVariantGroup section */
		49DBD87A1D4B58550087A8D0 /* Main.storyboard */ = {
			isa = PBXVariantGroup;
			children = (
				49DBD87B1D4B58550087A8D0 /* Base */,
			);
			name = Main.storyboard;
			sourceTree = "<group>";
		};
		49DBD87F1D4B58550087A8D0 /* LaunchScreen.storyboard */ = {
			isa = PBXVariantGroup;
			children = (
				49DBD8801D4B58550087A8D0 /* Base */,
			);
			name = LaunchScreen.storyboard;
			sourceTree = "<group>";
		};
/* End PBXVariantGroup section */

/* Begin XCBuildConfiguration section */
		49DBD8991D4B58550087A8D0 /* Debug */ = {
			isa = XCBuildConfiguration;
			buildSettings = {
				ALWAYS_SEARCH_USER_PATHS = NO;
				CLANG_ANALYZER_NONNULL = YES;
				CLANG_CXX_LANGUAGE_STANDARD = "gnu++0x";
				CLANG_CXX_LIBRARY = "libc++";
				CLANG_ENABLE_MODULES = YES;
				CLANG_ENABLE_OBJC_ARC = YES;
				CLANG_WARN_BOOL_CONVERSION = YES;
				CLANG_WARN_CONSTANT_CONVERSION = YES;
				CLANG_WARN_DIRECT_OBJC_ISA_USAGE = YES_ERROR;
				CLANG_WARN_EMPTY_BODY = YES;
				CLANG_WARN_ENUM_CONVERSION = YES;
				CLANG_WARN_INT_CONVERSION = YES;
				CLANG_WARN_OBJC_ROOT_CLASS = YES_ERROR;
				CLANG_WARN_UNREACHABLE_CODE = YES;
				CLANG_WARN__DUPLICATE_METHOD_MATCH = YES;
				"CODE_SIGN_IDENTITY[sdk=iphoneos*]" = "iPhone Developer";
				COPY_PHASE_STRIP = NO;
				DEBUG_INFORMATION_FORMAT = dwarf;
				ENABLE_STRICT_OBJC_MSGSEND = YES;
				ENABLE_TESTABILITY = YES;
				GCC_C_LANGUAGE_STANDARD = gnu99;
				GCC_DYNAMIC_NO_PIC = NO;
				GCC_NO_COMMON_BLOCKS = YES;
				GCC_OPTIMIZATION_LEVEL = 0;
				GCC_PREPROCESSOR_DEFINITIONS = (
					"DEBUG=1",
					"$(inherited)",
				);
				GCC_WARN_64_TO_32_BIT_CONVERSION = YES;
				GCC_WARN_ABOUT_RETURN_TYPE = YES_ERROR;
				GCC_WARN_UNDECLARED_SELECTOR = YES;
				GCC_WARN_UNINITIALIZED_AUTOS = YES_AGGRESSIVE;
				GCC_WARN_UNUSED_FUNCTION = YES;
				GCC_WARN_UNUSED_VARIABLE = YES;
				IPHONEOS_DEPLOYMENT_TARGET = 9.3;
				MTL_ENABLE_DEBUG_INFO = YES;
				ONLY_ACTIVE_ARCH = YES;
				SDKROOT = iphoneos;
				TARGETED_DEVICE_FAMILY = "1,2";
			};
			name = Debug;
		};
		49DBD89A1D4B58550087A8D0 /* Release */ = {
			isa = XCBuildConfiguration;
			buildSettings = {
				ALWAYS_SEARCH_USER_PATHS = NO;
				CLANG_ANALYZER_NONNULL = YES;
				CLANG_CXX_LANGUAGE_STANDARD = "gnu++0x";
				CLANG_CXX_LIBRARY = "libc++";
				CLANG_ENABLE_MODULES = YES;
				CLANG_ENABLE_OBJC_ARC = YES;
				CLANG_WARN_BOOL_CONVERSION = YES;
				CLANG_WARN_CONSTANT_CONVERSION = YES;
				CLANG_WARN_DIRECT_OBJC_ISA_USAGE = YES_ERROR;
				CLANG_WARN_EMPTY_BODY = YES;
				CLANG_WARN_ENUM_CONVERSION = YES;
				CLANG_WARN_INT_CONVERSION = YES;
				CLANG_WARN_OBJC_ROOT_CLASS = YES_ERROR;
				CLANG_WARN_UNREACHABLE_CODE = YES;
				CLANG_WARN__DUPLICATE_METHOD_MATCH = YES;
				"CODE_SIGN_IDENTITY[sdk=iphoneos*]" = "iPhone Developer";
				COPY_PHASE_STRIP = NO;
				DEBUG_INFORMATION_FORMAT = "dwarf-with-dsym";
				ENABLE_NS_ASSERTIONS = NO;
				ENABLE_STRICT_OBJC_MSGSEND = YES;
				GCC_C_LANGUAGE_STANDARD = gnu99;
				GCC_NO_COMMON_BLOCKS = YES;
				GCC_WARN_64_TO_32_BIT_CONVERSION = YES;
				GCC_WARN_ABOUT_RETURN_TYPE = YES_ERROR;
				GCC_WARN_UNDECLARED_SELECTOR = YES;
				GCC_WARN_UNINITIALIZED_AUTOS = YES_AGGRESSIVE;
				GCC_WARN_UNUSED_FUNCTION = YES;
				GCC_WARN_UNUSED_VARIABLE = YES;
				IPHONEOS_DEPLOYMENT_TARGET = 9.3;
				MTL_ENABLE_DEBUG_INFO = NO;
				SDKROOT = iphoneos;
				TARGETED_DEVICE_FAMILY = "1,2";
				VALIDATE_PRODUCT = YES;
			};
			name = Release;
		};
		49DBD89C1D4B58550087A8D0 /* Debug */ = {
			isa = XCBuildConfiguration;
			buildSettings = {
				ASSETCATALOG_COMPILER_APPICON_NAME = AppIcon;
				INFOPLIST_FILE = KanZhiHu/Info.plist;
				LD_RUNPATH_SEARCH_PATHS = "$(inherited) @executable_path/Frameworks";
				PRODUCT_BUNDLE_IDENTIFIER = com.tecom.KanZhiHu;
				PRODUCT_NAME = "$(TARGET_NAME)";
			};
			name = Debug;
		};
		49DBD89D1D4B58550087A8D0 /* Release */ = {
			isa = XCBuildConfiguration;
			buildSettings = {
				ASSETCATALOG_COMPILER_APPICON_NAME = AppIcon;
				INFOPLIST_FILE = KanZhiHu/Info.plist;
				LD_RUNPATH_SEARCH_PATHS = "$(inherited) @executable_path/Frameworks";
				PRODUCT_BUNDLE_IDENTIFIER = com.tecom.KanZhiHu;
				PRODUCT_NAME = "$(TARGET_NAME)";
			};
			name = Release;
		};
		49DBD89F1D4B58550087A8D0 /* Debug */ = {
			isa = XCBuildConfiguration;
			buildSettings = {
				BUNDLE_LOADER = "$(TEST_HOST)";
				INFOPLIST_FILE = KanZhiHuTests/Info.plist;
				LD_RUNPATH_SEARCH_PATHS = "$(inherited) @executable_path/Frameworks @loader_path/Frameworks";
				PRODUCT_BUNDLE_IDENTIFIER = com.tecom.KanZhiHuTests;
				PRODUCT_NAME = "$(TARGET_NAME)";
				TEST_HOST = "$(BUILT_PRODUCTS_DIR)/KanZhiHu.app/KanZhiHu";
			};
			name = Debug;
		};
		49DBD8A01D4B58550087A8D0 /* Release */ = {
			isa = XCBuildConfiguration;
			buildSettings = {
				BUNDLE_LOADER = "$(TEST_HOST)";
				INFOPLIST_FILE = KanZhiHuTests/Info.plist;
				LD_RUNPATH_SEARCH_PATHS = "$(inherited) @executable_path/Frameworks @loader_path/Frameworks";
				PRODUCT_BUNDLE_IDENTIFIER = com.tecom.KanZhiHuTests;
				PRODUCT_NAME = "$(TARGET_NAME)";
				TEST_HOST = "$(BUILT_PRODUCTS_DIR)/KanZhiHu.app/KanZhiHu";
			};
			name = Release;
		};
		49DBD8A21D4B58550087A8D0 /* Debug */ = {
			isa = XCBuildConfiguration;
			buildSettings = {
				INFOPLIST_FILE = KanZhiHuUITests/Info.plist;
				LD_RUNPATH_SEARCH_PATHS = "$(inherited) @executable_path/Frameworks @loader_path/Frameworks";
				PRODUCT_BUNDLE_IDENTIFIER = com.tecom.KanZhiHuUITests;
				PRODUCT_NAME = "$(TARGET_NAME)";
				TEST_TARGET_NAME = KanZhiHu;
			};
			name = Debug;
		};
		49DBD8A31D4B58550087A8D0 /* Release */ = {
			isa = XCBuildConfiguration;
			buildSettings = {
				INFOPLIST_FILE = KanZhiHuUITests/Info.plist;
				LD_RUNPATH_SEARCH_PATHS = "$(inherited) @executable_path/Frameworks @loader_path/Frameworks";
				PRODUCT_BUNDLE_IDENTIFIER = com.tecom.KanZhiHuUITests;
				PRODUCT_NAME = "$(TARGET_NAME)";
				TEST_TARGET_NAME = KanZhiHu;
			};
			name = Release;
		};
/* End XCBuildConfiguration section */

/* Begin XCConfigurationList section */
		49DBD8691D4B58550087A8D0 /* Build configuration list for PBXProject "KanZhiHu" */ = {
			isa = XCConfigurationList;
			buildConfigurations = (
				49DBD8991D4B58550087A8D0 /* Debug */,
				49DBD89A1D4B58550087A8D0 /* Release */,
			);
			defaultConfigurationIsVisible = 0;
			defaultConfigurationName = Release;
		};
		49DBD89B1D4B58550087A8D0 /* Build configuration list for PBXNativeTarget "KanZhiHu" */ = {
			isa = XCConfigurationList;
			buildConfigurations = (
				49DBD89C1D4B58550087A8D0 /* Debug */,
				49DBD89D1D4B58550087A8D0 /* Release */,
			);
			defaultConfigurationIsVisible = 0;
		};
		49DBD89E1D4B58550087A8D0 /* Build configuration list for PBXNativeTarget "KanZhiHuTests" */ = {
			isa = XCConfigurationList;
			buildConfigurations = (
				49DBD89F1D4B58550087A8D0 /* Debug */,
				49DBD8A01D4B58550087A8D0 /* Release */,
			);
			defaultConfigurationIsVisible = 0;
		};
		49DBD8A11D4B58550087A8D0 /* Build configuration list for PBXNativeTarget "KanZhiHuUITests" */ = {
			isa = XCConfigurationList;
			buildConfigurations = (
				49DBD8A21D4B58550087A8D0 /* Debug */,
				49DBD8A31D4B58550087A8D0 /* Release */,
			);
			defaultConfigurationIsVisible = 0;
		};
/* End XCConfigurationList section */
	};
	rootObject = 49DBD8661D4B58550087A8D0 /* Project object */;
}
